// !$*UTF8*$!
{
	archiveVersion = 1;
	classes = {
	};
	objectVersion = 46;
	objects = {

/* Begin PBXBuildFile section */
		385A97921BDB9A04002F86A0 /* AppDelegate.swift in Sources */ = {isa = PBXBuildFile; fileRef = 385A97911BDB9A04002F86A0 /* AppDelegate.swift */; };
		385A97941BDB9A04002F86A0 /* ViewController.swift in Sources */ = {isa = PBXBuildFile; fileRef = 385A97931BDB9A04002F86A0 /* ViewController.swift */; };
		385A97971BDB9A04002F86A0 /* Main.storyboard in Resources */ = {isa = PBXBuildFile; fileRef = 385A97951BDB9A04002F86A0 /* Main.storyboard */; };
		385A97991BDB9A04002F86A0 /* Assets.xcassets in Resources */ = {isa = PBXBuildFile; fileRef = 385A97981BDB9A04002F86A0 /* Assets.xcassets */; };
		385A979C1BDB9A04002F86A0 /* LaunchScreen.storyboard in Resources */ = {isa = PBXBuildFile; fileRef = 385A979A1BDB9A04002F86A0 /* LaunchScreen.storyboard */; };
/* End PBXBuildFile section */

/* Begin PBXFileReference section */
		385A978E1BDB9A04002F86A0 /* SearchInTableView.app */ = {isa = PBXFileReference; explicitFileType = wrapper.application; includeInIndex = 0; path = SearchInTableView.app; sourceTree = BUILT_PRODUCTS_DIR; };
		385A97911BDB9A04002F86A0 /* AppDelegate.swift */ = {isa = PBXFileReference; lastKnownFileType = sourcecode.swift; path = AppDelegate.swift; sourceTree = "<group>"; };
		385A97931BDB9A04002F86A0 /* ViewController.swift */ = {isa = PBXFileReference; lastKnownFileType = sourcecode.swift; path = ViewController.swift; sourceTree = "<group>"; };
		385A97961BDB9A04002F86A0 /* Base */ = {isa = PBXFileReference; lastKnownFileType = file.storyboard; name = Base; path = Base.lproj/Main.storyboard; sourceTree = "<group>"; };
		385A97981BDB9A04002F86A0 /* Assets.xcassets */ = {isa = PBXFileReference; lastKnownFileType = folder.assetcatalog; path = Assets.xcassets; sourceTree = "<group>"; };
		385A979B1BDB9A04002F86A0 /* Base */ = {isa = PBXFileReference; lastKnownFileType = file.storyboard; name = Base; path = Base.lproj/LaunchScreen.storyboard; sourceTree = "<group>"; };
		385A979D1BDB9A04002F86A0 /* Info.plist */ = {isa = PBXFileReference; lastKnownFileType = text.plist.xml; path = Info.plist; sourceTree = "<group>"; };
/* End PBXFileReference section */

/* Begin PBXFrameworksBuildPhase section */
		385A978B1BDB9A04002F86A0 /* Frameworks */ = {
			isa = PBXFrameworksBuildPhase;
			buildActionMask = 2147483647;
			files = (
			);
			runOnlyForDeploymentPostprocessing = 0;
		};
/* End PBXFrameworksBuildPhase section */

/* Begin PBXGroup section */
		385A97851BDB9A04002F86A0 = {
			isa = PBXGroup;
			children = (
				385A97901BDB9A04002F86A0 /* SearchInTableView */,
				385A978F1BDB9A04002F86A0 /* Products */,
			);
			sourceTree = "<group>";
		};
		385A978F1BDB9A04002F86A0 /* Products */ = {
			isa = PBXGroup;
			children = (
				385A978E1BDB9A04002F86A0 /* SearchInTableView.app */,
			);
			name = Products;
			sourceTree = "<group>";
		};
		385A97901BDB9A04002F86A0 /* SearchInTableView */ = {
			isa = PBXGroup;
			children = (
				385A97911BDB9A04002F86A0 /* AppDelegate.swift */,
				385A97931BDB9A04002F86A0 /* ViewController.swift */,
				385A97951BDB9A04002F86A0 /* Main.storyboard */,
				385A97981BDB9A04002F86A0 /* Assets.xcassets */,
				385A979A1BDB9A04002F86A0 /* LaunchScreen.storyboard */,
				385A979D1BDB9A04002F86A0 /* Info.plist */,
			);
			path = SearchInTableView;
			sourceTree = "<group>";
		};
/* End PBXGroup section */

/* Begin PBXNativeTarget section */
		385A978D1BDB9A04002F86A0 /* SearchInTableView */ = {
			isa = PBXNativeTarget;
			buildConfigurationList = 385A97A01BDB9A04002F86A0 /* Build configuration list for PBXNativeTarget "SearchInTableView" */;
			buildPhases = (
				385A978A1BDB9A04002F86A0 /* Sources */,
				385A978B1BDB9A04002F86A0 /* Frameworks */,
				385A978C1BDB9A04002F86A0 /* Resources */,
			);
			buildRules = (
			);
			dependencies = (
			);
			name = SearchInTableView;
			productName = SearchInTableView;
			productReference = 385A978E1BDB9A04002F86A0 /* SearchInTableView.app */;
			productType = "com.apple.product-type.application";
		};
/* End PBXNativeTarget section */

/* Begin PBXProject section */
		385A97861BDB9A04002F86A0 /* Project object */ = {
			isa = PBXProject;
			attributes = {
				LastSwiftUpdateCheck = 0710;
				LastUpgradeCheck = 0710;
				ORGANIZATIONNAME = WindOfNet;
				TargetAttributes = {
					385A978D1BDB9A04002F86A0 = {
						CreatedOnToolsVersion = 7.1;
					};
				};
			};
			buildConfigurationList = 385A97891BDB9A04002F86A0 /* Build configuration list for PBXProject "SearchInTableView" */;
			compatibilityVersion = "Xcode 3.2";
			developmentRegion = English;
			hasScannedForEncodings = 0;
			knownRegions = (
				en,
				Base,
			);
			mainGroup = 385A97851BDB9A04002F86A0;
			productRefGroup = 385A978F1BDB9A04002F86A0 /* Products */;
			projectDirPath = "";
			projectRoot = "";
			targets = (
				385A978D1BDB9A04002F86A0 /* SearchInTableView */,
			);
		};
/* End PBXProject section */

/* Begin PBXResourcesBuildPhase section */
		385A978C1BDB9A04002F86A0 /* Resources */ = {
			isa = PBXResourcesBuildPhase;
			buildActionMask = 2147483647;
			files = (
				385A979C1BDB9A04002F86A0 /* LaunchScreen.storyboard in Resources */,
				385A97991BDB9A04002F86A0 /* Assets.xcassets in Resources */,
				385A97971BDB9A04002F86A0 /* Main.storyboard in Resources */,
			);
			runOnlyForDeploymentPostprocessing = 0;
		};
/* End PBXResourcesBuildPhase section */

/* Begin PBXSourcesBuildPhase section */
		385A978A1BDB9A04002F86A0 /* Sources */ = {
			isa = PBXSourcesBuildPhase;
			buildActionMask = 2147483647;
			files = (
				385A97941BDB9A04002F86A0 /* ViewController.swift in Sources */,
				385A97921BDB9A04002F86A0 /* AppDelegate.swift in Sources */,
			);
			runOnlyForDeploymentPostprocessing = 0;
		};
/* End PBXSourcesBuildPhase section */

/* Begin PBXVariantGroup section */
		385A97951BDB9A04002F86A0 /* Main.storyboard */ = {
			isa = PBXVariantGroup;
			children = (
				385A97961BDB9A04002F86A0 /* Base */,
			);
			name = Main.storyboard;
			sourceTree = "<group>";
		};
		385A979A1BDB9A04002F86A0 /* LaunchScreen.storyboard */ = {
			isa = PBXVariantGroup;
			children = (
				385A979B1BDB9A04002F86A0 /* Base */,
			);
			name = LaunchScreen.storyboard;
			sourceTree = "<group>";
		};
/* End PBXVariantGroup section */

/* Begin XCBuildConfiguration section */
		385A979E1BDB9A04002F86A0 /* Debug */ = {
			isa = XCBuildConfiguration;
			buildSettings = {
				ALWAYS_SEARCH_USER_PATHS = NO;
				CLANG_CXX_LANGUAGE_STANDARD = "gnu++0x";
				CLANG_CXX_LIBRARY = "libc++";
				CLANG_ENABLE_MODULES = YES;
				CLANG_ENABLE_OBJC_ARC = YES;
				CLANG_WARN_BOOL_CONVERSION = YES;
				CLANG_WARN_CONSTANT_CONVERSION = YES;
				CLANG_WARN_DIRECT_OBJC_ISA_USAGE = YES_ERROR;
				CLANG_WARN_EMPTY_BODY = YES;
				CLANG_WARN_ENUM_CONVERSION = YES;
				CLANG_WARN_INT_CONVERSION = YES;
				CLANG_WARN_OBJC_ROOT_CLASS = YES_ERROR;
				CLANG_WARN_UNREACHABLE_CODE = YES;
				CLANG_WARN__DUPLICATE_METHOD_MATCH = YES;
				"CODE_SIGN_IDENTITY[sdk=iphoneos*]" = "iPhone Developer";
				COPY_PHASE_STRIP = NO;
				DEBUG_INFORMATION_FORMAT = dwarf;
				ENABLE_STRICT_OBJC_MSGSEND = YES;
				ENABLE_TESTABILITY = YES;
				GCC_C_LANGUAGE_STANDARD = gnu99;
				GCC_DYNAMIC_NO_PIC = NO;
				GCC_NO_COMMON_BLOCKS = YES;
				GCC_OPTIMIZATION_LEVEL = 0;
				GCC_PREPROCESSOR_DEFINITIONS = (
					"DEBUG=1",
					"$(inherited)",
				);
				GCC_WARN_64_TO_32_BIT_CONVERSION = YES;
				GCC_WARN_ABOUT_RETURN_TYPE = YES_ERROR;
				GCC_WARN_UNDECLARED_SELECTOR = YES;
				GCC_WARN_UNINITIALIZED_AUTOS = YES_AGGRESSIVE;
				GCC_WARN_UNUSED_FUNCTION = YES;
				GCC_WARN_UNUSED_VARIABLE = YES;
				IPHONEOS_DEPLOYMENT_TARGET = 9.1;
				MTL_ENABLE_DEBUG_INFO = YES;
				ONLY_ACTIVE_ARCH = YES;
				SDKROOT = iphoneos;
				SWIFT_OPTIMIZATION_LEVEL = "-Onone";
			};
			name = Debug;
		};
		385A979F1BDB9A04002F86A0 /* Release */ = {
			isa = XCBuildConfiguration;
			buildSettings = {
				ALWAYS_SEARCH_USER_PATHS = NO;
				CLANG_CXX_LANGUAGE_STANDARD = "gnu++0x";
				CLANG_CXX_LIBRARY = "libc++";
				CLANG_ENABLE_MODULES = YES;
				CLANG_ENABLE_OBJC_ARC = YES;
				CLANG_WARN_BOOL_CONVERSION = YES;
				CLANG_WARN_CONSTANT_CONVERSION = YES;
				CLANG_WARN_DIRECT_OBJC_ISA_USAGE = YES_ERROR;
				CLANG_WARN_EMPTY_BODY = YES;
				CLANG_WARN_ENUM_CONVERSION = YES;
				CLANG_WARN_INT_CONVERSION = YES;
				CLANG_WARN_OBJC_ROOT_CLASS = YES_ERROR;
				CLANG_WARN_UNREACHABLE_CODE = YES;
				CLANG_WARN__DUPLICATE_METHOD_MATCH = YES;
				"CODE_SIGN_IDENTITY[sdk=iphoneos*]" = "iPhone Developer";
				COPY_PHASE_STRIP = NO;
				DEBUG_INFORMATION_FORMAT = "dwarf-with-dsym";
				ENABLE_NS_ASSERTIONS = NO;
				ENABLE_STRICT_OBJC_MSGSEND = YES;
				GCC_C_LANGUAGE_STANDARD = gnu99;
				GCC_NO_COMMON_BLOCKS = YES;
				GCC_WARN_64_TO_32_BIT_CONVERSION = YES;
				GCC_WARN_ABOUT_RETURN_TYPE = YES_ERROR;
				GCC_WARN_UNDECLARED_SELECTOR = YES;
				GCC_WARN_UNINITIALIZED_AUTOS = YES_AGGRESSIVE;
				GCC_WARN_UNUSED_FUNCTION = YES;
				GCC_WARN_UNUSED_VARIABLE = YES;
				IPHONEOS_DEPLOYMENT_TARGET = 9.1;
				MTL_ENABLE_DEBUG_INFO = NO;
				SDKROOT = iphoneos;
				VALIDATE_PRODUCT = YES;
			};
			name = Release;
		};
		385A97A11BDB9A04002F86A0 /* Debug */ = {
			isa = XCBuildConfiguration;
			buildSettings = {
				ASSETCATALOG_COMPILER_APPICON_NAME = AppIcon;
				INFOPLIST_FILE = SearchInTableView/Info.plist;
				LD_RUNPATH_SEARCH_PATHS = "$(inherited) @executable_path/Frameworks";
				PRODUCT_BUNDLE_IDENTIFIER = com.WindOfNet.SearchInTableView;
				PRODUCT_NAME = "$(TARGET_NAME)";
			};
			name = Debug;
		};
		385A97A21BDB9A04002F86A0 /* Release */ = {
			isa = XCBuildConfiguration;
			buildSettings = {
				ASSETCATALOG_COMPILER_APPICON_NAME = AppIcon;
				INFOPLIST_FILE = SearchInTableView/Info.plist;
				LD_RUNPATH_SEARCH_PATHS = "$(inherited) @executable_path/Frameworks";
				PRODUCT_BUNDLE_IDENTIFIER = com.WindOfNet.SearchInTableView;
				PRODUCT_NAME = "$(TARGET_NAME)";
			};
			name = Release;
		};
/* End XCBuildConfiguration section */

/* Begin XCConfigurationList section */
		385A97891BDB9A04002F86A0 /* Build configuration list for PBXProject "SearchInTableView" */ = {
			isa = XCConfigurationList;
			buildConfigurations = (
				385A979E1BDB9A04002F86A0 /* Debug */,
				385A979F1BDB9A04002F86A0 /* Release */,
			);
			defaultConfigurationIsVisible = 0;
			defaultConfigurationName = Release;
		};
		385A97A01BDB9A04002F86A0 /* Build configuration list for PBXNativeTarget "SearchInTableView" */ = {
			isa = XCConfigurationList;
			buildConfigurations = (
				385A97A11BDB9A04002F86A0 /* Debug */,
				385A97A21BDB9A04002F86A0 /* Release */,
			);
			defaultConfigurationIsVisible = 0;
		};
/* End XCConfigurationList section */
	};
	rootObject = 385A97861BDB9A04002F86A0 /* Project object */;
}
